
Microsoft Visual Studio Solution File, Format Version 12.00
# Visual Studio Version 16
VisualStudioVersion = 16.0.30413.136
MinimumVisualStudioVersion = 10.0.40219.1
Project("{FAE04EC0-301F-11D3-BF4B-00C04F79EFBC}") = "Calculating The Factorial of a Number", "Calculating The Factorial of a Number\Calculating The Factorial of a Number.csproj", "{49272CEC-E27C-4CDA-A78C-90C4FB353364}"
EndProject
Global
	GlobalSection(SolutionConfigurationPlatforms) = preSolution
		Debug|Any CPU = Debug|Any CPU
		Release|Any CPU = Release|Any CPU
	EndGlobalSection
	GlobalSection(ProjectConfigurationPlatforms) = postSolution
		{49272CEC-E27C-4CDA-A78C-90C4FB353364}.Debug|Any CPU.ActiveCfg = Debug|Any CPU
		{49272CEC-E27C-4CDA-A78C-90C4FB353364}.Debug|Any CPU.Build.0 = Debug|Any CPU
		{49272CEC-E27C-4CDA-A78C-90C4FB353364}.Release|Any CPU.ActiveCfg = Release|Any CPU
		{49272CEC-E27C-4CDA-A78C-90C4FB353364}.Release|Any CPU.Build.0 = Release|Any CPU
	EndGlobalSection
	GlobalSection(SolutionProperties) = preSolution
		HideSolutionNode = FALSE
	EndGlobalSection
	GlobalSection(ExtensibilityGlobals) = postSolution
		SolutionGuid = {03DE43EF-60E9-4BAA-B14E-FA3692BD2D0A}
	EndGlobalSection
EndGlobal
